
Microsoft Visual Studio Solution File, Format Version 12.00
# Visual Studio Version 17
VisualStudioVersion = 17.8.34330.188
MinimumVisualStudioVersion = 10.0.40219.1
Project("{FAE04EC0-301F-11D3-BF4B-00C04F79EFBC}") = "ValidWithCheckUsers", "ValidWithCheckUsers\ValidWithCheckUsers.csproj", "{0F4E74B4-8BEC-44B6-98CD-5937D1C0BC12}"
EndProject
Global
	GlobalSection(SolutionConfigurationPlatforms) = preSolution
		Debug|Any CPU = Debug|Any CPU
		Release|Any CPU = Release|Any CPU
	EndGlobalSection
	GlobalSection(ProjectConfigurationPlatforms) = postSolution
		{0F4E74B4-8BEC-44B6-98CD-5937D1C0BC12}.Debug|Any CPU.ActiveCfg = Debug|Any CPU
		{0F4E74B4-8BEC-44B6-98CD-5937D1C0BC12}.Debug|Any CPU.Build.0 = Debug|Any CPU
		{0F4E74B4-8BEC-44B6-98CD-5937D1C0BC12}.Release|Any CPU.ActiveCfg = Release|Any CPU
		{0F4E74B4-8BEC-44B6-98CD-5937D1C0BC12}.Release|Any CPU.Build.0 = Release|Any CPU
	EndGlobalSection
	GlobalSection(SolutionProperties) = preSolution
		HideSolutionNode = FALSE
	EndGlobalSection
	GlobalSection(ExtensibilityGlobals) = postSolution
		SolutionGuid = {F3A3E5F0-B763-4E29-AB38-338AC3CF57D6}
	EndGlobalSection
EndGlobal
